
Microsoft Visual Studio Solution File, Format Version 12.00
# Visual Studio Version 17
VisualStudioVersion = 17.5.002.0
MinimumVisualStudioVersion = 10.0.40219.1
Project("{9A19103F-16F7-4668-BE54-9A1E7A4F7556}") = "exercise6", "exercise6\exercise6.csproj", "{D19D90F7-FB73-415A-A00D-D29BB1F21626}"
EndProject
Global
	GlobalSection(SolutionConfigurationPlatforms) = preSolution
		Debug|Any CPU = Debug|Any CPU
		Release|Any CPU = Release|Any CPU
	EndGlobalSection
	GlobalSection(ProjectConfigurationPlatforms) = postSolution
		{D19D90F7-FB73-415A-A00D-D29BB1F21626}.Debug|Any CPU.ActiveCfg = Debug|Any CPU
		{D19D90F7-FB73-415A-A00D-D29BB1F21626}.Debug|Any CPU.Build.0 = Debug|Any CPU
		{D19D90F7-FB73-415A-A00D-D29BB1F21626}.Release|Any CPU.ActiveCfg = Release|Any CPU
		{D19D90F7-FB73-415A-A00D-D29BB1F21626}.Release|Any CPU.Build.0 = Release|Any CPU
	EndGlobalSection
	GlobalSection(SolutionProperties) = preSolution
		HideSolutionNode = FALSE
	EndGlobalSection
	GlobalSection(ExtensibilityGlobals) = postSolution
		SolutionGuid = {DCC02DA6-4E6B-4EAA-A4EE-8F10B2EFBFAF}
	EndGlobalSection
EndGlobal
